
Microsoft Visual Studio Solution File, Format Version 12.00
# Visual Studio Version 16
VisualStudioVersion = 16.0.31410.357
MinimumVisualStudioVersion = 10.0.40219.1
Project("{8BC9CEB8-8B4A-11D0-8D11-00A0C91BC942}") = "CudaDoubleStream", "CudaDoubleStream.vcxproj", "{B36FBE5C-4C9B-4EEB-A281-7BA72507B76F}"
EndProject
Global
	GlobalSection(SolutionConfigurationPlatforms) = preSolution
		Debug|x64 = Debug|x64
		Release|x64 = Release|x64
	EndGlobalSection
	GlobalSection(ProjectConfigurationPlatforms) = postSolution
		{B36FBE5C-4C9B-4EEB-A281-7BA72507B76F}.Debug|x64.ActiveCfg = Debug|x64
		{B36FBE5C-4C9B-4EEB-A281-7BA72507B76F}.Debug|x64.Build.0 = Debug|x64
		{B36FBE5C-4C9B-4EEB-A281-7BA72507B76F}.Release|x64.ActiveCfg = Release|x64
		{B36FBE5C-4C9B-4EEB-A281-7BA72507B76F}.Release|x64.Build.0 = Release|x64
	EndGlobalSection
	GlobalSection(SolutionProperties) = preSolution
		HideSolutionNode = FALSE
	EndGlobalSection
	GlobalSection(ExtensibilityGlobals) = postSolution
		SolutionGuid = {20B4BC9A-3B76-45DC-8984-C3C9B7D4ED71}
	EndGlobalSection
EndGlobal
